// !$*UTF8*$!
{
	archiveVersion = 1;
	classes = {
	};
	objectVersion = 50;
	objects = {

/* Begin PBXBuildFile section */
		5F3C7FFA267286260073DE73 /* AppDelegate.swift in Sources */ = {isa = PBXBuildFile; fileRef = 5F3C7FF9267286260073DE73 /* AppDelegate.swift */; };
		5F3C7FFC267286260073DE73 /* SceneDelegate.swift in Sources */ = {isa = PBXBuildFile; fileRef = 5F3C7FFB267286260073DE73 /* SceneDelegate.swift */; };
		5F3C8003267286280073DE73 /* Assets.xcassets in Resources */ = {isa = PBXBuildFile; fileRef = 5F3C8002267286280073DE73 /* Assets.xcassets */; };
		5F3C8006267286280073DE73 /* LaunchScreen.storyboard in Resources */ = {isa = PBXBuildFile; fileRef = 5F3C8004267286280073DE73 /* LaunchScreen.storyboard */; };
		5F3C800E267287750073DE73 /* MainTabBarController.swift in Sources */ = {isa = PBXBuildFile; fileRef = 5F3C800D267287750073DE73 /* MainTabBarController.swift */; };
		5F425650267D0CF6008C89CA /* CurrentWeatherData.swift in Sources */ = {isa = PBXBuildFile; fileRef = 5F42564F267D0CF6008C89CA /* CurrentWeatherData.swift */; };
		5F6E694C2675298F0033BFE9 /* CurrentWeather.swift in Sources */ = {isa = PBXBuildFile; fileRef = 5F6E694B2675298F0033BFE9 /* CurrentWeather.swift */; };
		5F96491D2673585E00B3A825 /* WeatherConditionView.swift in Sources */ = {isa = PBXBuildFile; fileRef = 5F96491C2673585E00B3A825 /* WeatherConditionView.swift */; };
		5FDF259C270F959000F598DB /* NetworkService.swift in Sources */ = {isa = PBXBuildFile; fileRef = 5FDF259B270F959000F598DB /* NetworkService.swift */; };
		5FE587582672A4150095DF1B /* WeatherViewController.swift in Sources */ = {isa = PBXBuildFile; fileRef = 5FE587572672A4150095DF1B /* WeatherViewController.swift */; };
		5FE5875C2672A4340095DF1B /* ForecastTableViewController.swift in Sources */ = {isa = PBXBuildFile; fileRef = 5FE5875B2672A4340095DF1B /* ForecastTableViewController.swift */; };
		5FE694862677563200F8B2F3 /* ForecastData.swift in Sources */ = {isa = PBXBuildFile; fileRef = 5FE694852677563200F8B2F3 /* ForecastData.swift */; };
		5FE694882677585600F8B2F3 /* Forecast.swift in Sources */ = {isa = PBXBuildFile; fileRef = 5FE694872677585600F8B2F3 /* Forecast.swift */; };
		5FEBAFC126861CEE003D91D6 /* Constants.swift in Sources */ = {isa = PBXBuildFile; fileRef = 5FEBAFC026861CEE003D91D6 /* Constants.swift */; };
		5FEE4F202673ABEF007D05A8 /* ForecastTableViewCell.swift in Sources */ = {isa = PBXBuildFile; fileRef = 5FEE4F1F2673ABEF007D05A8 /* ForecastTableViewCell.swift */; };
/* End PBXBuildFile section */

/* Begin PBXFileReference section */
		5F3C7FF6267286260073DE73 /* Weather.app */ = {isa = PBXFileReference; explicitFileType = wrapper.application; includeInIndex = 0; path = Weather.app; sourceTree = BUILT_PRODUCTS_DIR; };
		5F3C7FF9267286260073DE73 /* AppDelegate.swift */ = {isa = PBXFileReference; lastKnownFileType = sourcecode.swift; path = AppDelegate.swift; sourceTree = "<group>"; };
		5F3C7FFB267286260073DE73 /* SceneDelegate.swift */ = {isa = PBXFileReference; lastKnownFileType = sourcecode.swift; path = SceneDelegate.swift; sourceTree = "<group>"; };
		5F3C8002267286280073DE73 /* Assets.xcassets */ = {isa = PBXFileReference; lastKnownFileType = folder.assetcatalog; path = Assets.xcassets; sourceTree = "<group>"; };
		5F3C8005267286280073DE73 /* Base */ = {isa = PBXFileReference; lastKnownFileType = file.storyboard; name = Base; path = Base.lproj/LaunchScreen.storyboard; sourceTree = "<group>"; };
		5F3C8007267286280073DE73 /* Info.plist */ = {isa = PBXFileReference; lastKnownFileType = text.plist.xml; path = Info.plist; sourceTree = "<group>"; };
		5F3C800D267287750073DE73 /* MainTabBarController.swift */ = {isa = PBXFileReference; lastKnownFileType = sourcecode.swift; path = MainTabBarController.swift; sourceTree = "<group>"; };
		5F42564F267D0CF6008C89CA /* CurrentWeatherData.swift */ = {isa = PBXFileReference; lastKnownFileType = sourcecode.swift; path = CurrentWeatherData.swift; sourceTree = "<group>"; };
		5F6E694B2675298F0033BFE9 /* CurrentWeather.swift */ = {isa = PBXFileReference; lastKnownFileType = sourcecode.swift; path = CurrentWeather.swift; sourceTree = "<group>"; };
		5F96491C2673585E00B3A825 /* WeatherConditionView.swift */ = {isa = PBXFileReference; lastKnownFileType = sourcecode.swift; path = WeatherConditionView.swift; sourceTree = "<group>"; };
		5FDF259B270F959000F598DB /* NetworkService.swift */ = {isa = PBXFileReference; fileEncoding = 4; lastKnownFileType = sourcecode.swift; path = NetworkService.swift; sourceTree = "<group>"; };
		5FE587572672A4150095DF1B /* WeatherViewController.swift */ = {isa = PBXFileReference; lastKnownFileType = sourcecode.swift; path = WeatherViewController.swift; sourceTree = "<group>"; };
		5FE5875B2672A4340095DF1B /* ForecastTableViewController.swift */ = {isa = PBXFileReference; lastKnownFileType = sourcecode.swift; path = ForecastTableViewController.swift; sourceTree = "<group>"; };
		5FE694852677563200F8B2F3 /* ForecastData.swift */ = {isa = PBXFileReference; lastKnownFileType = sourcecode.swift; path = ForecastData.swift; sourceTree = "<group>"; };
		5FE694872677585600F8B2F3 /* Forecast.swift */ = {isa = PBXFileReference; lastKnownFileType = sourcecode.swift; path = Forecast.swift; sourceTree = "<group>"; };
		5FEBAFC026861CEE003D91D6 /* Constants.swift */ = {isa = PBXFileReference; lastKnownFileType = sourcecode.swift; path = Constants.swift; sourceTree = "<group>"; };
		5FEE4F1F2673ABEF007D05A8 /* ForecastTableViewCell.swift */ = {isa = PBXFileReference; lastKnownFileType = sourcecode.swift; path = ForecastTableViewCell.swift; sourceTree = "<group>"; };
/* End PBXFileReference section */

/* Begin PBXFrameworksBuildPhase section */
		5F3C7FF3267286260073DE73 /* Frameworks */ = {
			isa = PBXFrameworksBuildPhase;
			buildActionMask = 2147483647;
			files = (
			);
			runOnlyForDeploymentPostprocessing = 0;
		};
/* End PBXFrameworksBuildPhase section */

/* Begin PBXGroup section */
		5F3C7FED267286260073DE73 = {
			isa = PBXGroup;
			children = (
				5F3C7FF8267286260073DE73 /* Weather */,
				5F3C7FF7267286260073DE73 /* Products */,
			);
			sourceTree = "<group>";
		};
		5F3C7FF7267286260073DE73 /* Products */ = {
			isa = PBXGroup;
			children = (
				5F3C7FF6267286260073DE73 /* Weather.app */,
			);
			name = Products;
			sourceTree = "<group>";
		};
		5F3C7FF8267286260073DE73 /* Weather */ = {
			isa = PBXGroup;
			children = (
				5F3C800D267287750073DE73 /* MainTabBarController.swift */,
				5FDF259A270F959000F598DB /* Services */,
				5FDF259E270F968F00F598DB /* Forecast */,
				5FDF259D270F968300F598DB /* Current Weather */,
				5FEE4F1B2673AB55007D05A8 /* Supporting Files */,
				5F3C8007267286280073DE73 /* Info.plist */,
			);
			path = Weather;
			sourceTree = "<group>";
		};
		5FDF259A270F959000F598DB /* Services */ = {
			isa = PBXGroup;
			children = (
				5FDF259B270F959000F598DB /* NetworkService.swift */,
			);
			path = Services;
			sourceTree = "<group>";
		};
		5FDF259D270F968300F598DB /* Current Weather */ = {
			isa = PBXGroup;
			children = (
				5FDF25A2270F973200F598DB /* Models */,
				5FDF25A4270F973F00F598DB /* Controllers */,
				5FDF25A3270F973800F598DB /* Views */,
			);
			path = "Current Weather";
			sourceTree = "<group>";
		};
		5FDF259E270F968F00F598DB /* Forecast */ = {
			isa = PBXGroup;
			children = (
				5FDF259F270F96FA00F598DB /* Models */,
				5FDF25A0270F970200F598DB /* Controllers */,
				5FDF25A1270F970800F598DB /* Views */,
			);
			path = Forecast;
			sourceTree = "<group>";
		};
		5FDF259F270F96FA00F598DB /* Models */ = {
			isa = PBXGroup;
			children = (
				5FE694852677563200F8B2F3 /* ForecastData.swift */,
				5FE694872677585600F8B2F3 /* Forecast.swift */,
			);
			path = Models;
			sourceTree = "<group>";
		};
		5FDF25A0270F970200F598DB /* Controllers */ = {
			isa = PBXGroup;
			children = (
				5FE5875B2672A4340095DF1B /* ForecastTableViewController.swift */,
			);
			path = Controllers;
			sourceTree = "<group>";
		};
		5FDF25A1270F970800F598DB /* Views */ = {
			isa = PBXGroup;
			children = (
				5FEE4F1F2673ABEF007D05A8 /* ForecastTableViewCell.swift */,
			);
			path = Views;
			sourceTree = "<group>";
		};
		5FDF25A2270F973200F598DB /* Models */ = {
			isa = PBXGroup;
			children = (
				5F6E694B2675298F0033BFE9 /* CurrentWeather.swift */,
				5F42564F267D0CF6008C89CA /* CurrentWeatherData.swift */,
			);
			path = Models;
			sourceTree = "<group>";
		};
		5FDF25A3270F973800F598DB /* Views */ = {
			isa = PBXGroup;
			children = (
				5F96491C2673585E00B3A825 /* WeatherConditionView.swift */,
			);
			path = Views;
			sourceTree = "<group>";
		};
		5FDF25A4270F973F00F598DB /* Controllers */ = {
			isa = PBXGroup;
			children = (
				5FE587572672A4150095DF1B /* WeatherViewController.swift */,
			);
			path = Controllers;
			sourceTree = "<group>";
		};
		5FEE4F1B2673AB55007D05A8 /* Supporting Files */ = {
			isa = PBXGroup;
			children = (
				5F3C8004267286280073DE73 /* LaunchScreen.storyboard */,
				5F3C8002267286280073DE73 /* Assets.xcassets */,
				5F3C7FF9267286260073DE73 /* AppDelegate.swift */,
				5F3C7FFB267286260073DE73 /* SceneDelegate.swift */,
				5FEBAFC026861CEE003D91D6 /* Constants.swift */,
			);
			path = "Supporting Files";
			sourceTree = "<group>";
		};
/* End PBXGroup section */

/* Begin PBXNativeTarget section */
		5F3C7FF5267286260073DE73 /* Weather */ = {
			isa = PBXNativeTarget;
			buildConfigurationList = 5F3C800A267286280073DE73 /* Build configuration list for PBXNativeTarget "Weather" */;
			buildPhases = (
				5F3C7FF2267286260073DE73 /* Sources */,
				5F3C7FF3267286260073DE73 /* Frameworks */,
				5F3C7FF4267286260073DE73 /* Resources */,
			);
			buildRules = (
			);
			dependencies = (
			);
			name = Weather;
			productName = Weather;
			productReference = 5F3C7FF6267286260073DE73 /* Weather.app */;
			productType = "com.apple.product-type.application";
		};
/* End PBXNativeTarget section */

/* Begin PBXProject section */
		5F3C7FEE267286260073DE73 /* Project object */ = {
			isa = PBXProject;
			attributes = {
				LastSwiftUpdateCheck = 1250;
				LastUpgradeCheck = 1250;
				TargetAttributes = {
					5F3C7FF5267286260073DE73 = {
						CreatedOnToolsVersion = 12.5;
					};
				};
			};
			buildConfigurationList = 5F3C7FF1267286260073DE73 /* Build configuration list for PBXProject "Weather" */;
			compatibilityVersion = "Xcode 9.3";
			developmentRegion = en;
			hasScannedForEncodings = 0;
			knownRegions = (
				en,
				Base,
			);
			mainGroup = 5F3C7FED267286260073DE73;
			productRefGroup = 5F3C7FF7267286260073DE73 /* Products */;
			projectDirPath = "";
			projectRoot = "";
			targets = (
				5F3C7FF5267286260073DE73 /* Weather */,
			);
		};
/* End PBXProject section */

/* Begin PBXResourcesBuildPhase section */
		5F3C7FF4267286260073DE73 /* Resources */ = {
			isa = PBXResourcesBuildPhase;
			buildActionMask = 2147483647;
			files = (
				5F3C8006267286280073DE73 /* LaunchScreen.storyboard in Resources */,
				5F3C8003267286280073DE73 /* Assets.xcassets in Resources */,
			);
			runOnlyForDeploymentPostprocessing = 0;
		};
/* End PBXResourcesBuildPhase section */

/* Begin PBXSourcesBuildPhase section */
		5F3C7FF2267286260073DE73 /* Sources */ = {
			isa = PBXSourcesBuildPhase;
			buildActionMask = 2147483647;
			files = (
				5FE587582672A4150095DF1B /* WeatherViewController.swift in Sources */,
				5F3C7FFA267286260073DE73 /* AppDelegate.swift in Sources */,
				5FEE4F202673ABEF007D05A8 /* ForecastTableViewCell.swift in Sources */,
				5F6E694C2675298F0033BFE9 /* CurrentWeather.swift in Sources */,
				5F3C800E267287750073DE73 /* MainTabBarController.swift in Sources */,
				5F96491D2673585E00B3A825 /* WeatherConditionView.swift in Sources */,
				5FEBAFC126861CEE003D91D6 /* Constants.swift in Sources */,
				5F3C7FFC267286260073DE73 /* SceneDelegate.swift in Sources */,
				5F425650267D0CF6008C89CA /* CurrentWeatherData.swift in Sources */,
				5FE694862677563200F8B2F3 /* ForecastData.swift in Sources */,
				5FE694882677585600F8B2F3 /* Forecast.swift in Sources */,
				5FDF259C270F959000F598DB /* NetworkService.swift in Sources */,
				5FE5875C2672A4340095DF1B /* ForecastTableViewController.swift in Sources */,
			);
			runOnlyForDeploymentPostprocessing = 0;
		};
/* End PBXSourcesBuildPhase section */

/* Begin PBXVariantGroup section */
		5F3C8004267286280073DE73 /* LaunchScreen.storyboard */ = {
			isa = PBXVariantGroup;
			children = (
				5F3C8005267286280073DE73 /* Base */,
			);
			name = LaunchScreen.storyboard;
			sourceTree = "<group>";
		};
/* End PBXVariantGroup section */

/* Begin XCBuildConfiguration section */
		5F3C8008267286280073DE73 /* Debug */ = {
			isa = XCBuildConfiguration;
			buildSettings = {
				ALWAYS_SEARCH_USER_PATHS = NO;
				CLANG_ANALYZER_NONNULL = YES;
				CLANG_ANALYZER_NUMBER_OBJECT_CONVERSION = YES_AGGRESSIVE;
				CLANG_CXX_LANGUAGE_STANDARD = "gnu++14";
				CLANG_CXX_LIBRARY = "libc++";
				CLANG_ENABLE_MODULES = YES;
				CLANG_ENABLE_OBJC_ARC = YES;
				CLANG_ENABLE_OBJC_WEAK = YES;
				CLANG_WARN_BLOCK_CAPTURE_AUTORELEASING = YES;
				CLANG_WARN_BOOL_CONVERSION = YES;
				CLANG_WARN_COMMA = YES;
				CLANG_WARN_CONSTANT_CONVERSION = YES;
				CLANG_WARN_DEPRECATED_OBJC_IMPLEMENTATIONS = YES;
				CLANG_WARN_DIRECT_OBJC_ISA_USAGE = YES_ERROR;
				CLANG_WARN_DOCUMENTATION_COMMENTS = YES;
				CLANG_WARN_EMPTY_BODY = YES;
				CLANG_WARN_ENUM_CONVERSION = YES;
				CLANG_WARN_INFINITE_RECURSION = YES;
				CLANG_WARN_INT_CONVERSION = YES;
				CLANG_WARN_NON_LITERAL_NULL_CONVERSION = YES;
				CLANG_WARN_OBJC_IMPLICIT_RETAIN_SELF = YES;
				CLANG_WARN_OBJC_LITERAL_CONVERSION = YES;
				CLANG_WARN_OBJC_ROOT_CLASS = YES_ERROR;
				CLANG_WARN_QUOTED_INCLUDE_IN_FRAMEWORK_HEADER = YES;
				CLANG_WARN_RANGE_LOOP_ANALYSIS = YES;
				CLANG_WARN_STRICT_PROTOTYPES = YES;
				CLANG_WARN_SUSPICIOUS_MOVE = YES;
				CLANG_WARN_UNGUARDED_AVAILABILITY = YES_AGGRESSIVE;
				CLANG_WARN_UNREACHABLE_CODE = YES;
				CLANG_WARN__DUPLICATE_METHOD_MATCH = YES;
				COPY_PHASE_STRIP = NO;
				DEBUG_INFORMATION_FORMAT = dwarf;
				ENABLE_STRICT_OBJC_MSGSEND = YES;
				ENABLE_TESTABILITY = YES;
				GCC_C_LANGUAGE_STANDARD = gnu11;
				GCC_DYNAMIC_NO_PIC = NO;
				GCC_NO_COMMON_BLOCKS = YES;
				GCC_OPTIMIZATION_LEVEL = 0;
				GCC_PREPROCESSOR_DEFINITIONS = (
					"DEBUG=1",
					"$(inherited)",
				);
				GCC_WARN_64_TO_32_BIT_CONVERSION = YES;
				GCC_WARN_ABOUT_RETURN_TYPE = YES_ERROR;
				GCC_WARN_UNDECLARED_SELECTOR = YES;
				GCC_WARN_UNINITIALIZED_AUTOS = YES_AGGRESSIVE;
				GCC_WARN_UNUSED_FUNCTION = YES;
				GCC_WARN_UNUSED_VARIABLE = YES;
				IPHONEOS_DEPLOYMENT_TARGET = 14.5;
				MTL_ENABLE_DEBUG_INFO = INCLUDE_SOURCE;
				MTL_FAST_MATH = YES;
				ONLY_ACTIVE_ARCH = YES;
				SDKROOT = iphoneos;
				SWIFT_ACTIVE_COMPILATION_CONDITIONS = DEBUG;
				SWIFT_OPTIMIZATION_LEVEL = "-Onone";
			};
			name = Debug;
		};
		5F3C8009267286280073DE73 /* Release */ = {
			isa = XCBuildConfiguration;
			buildSettings = {
				ALWAYS_SEARCH_USER_PATHS = NO;
				CLANG_ANALYZER_NONNULL = YES;
				CLANG_ANALYZER_NUMBER_OBJECT_CONVERSION = YES_AGGRESSIVE;
				CLANG_CXX_LANGUAGE_STANDARD = "gnu++14";
				CLANG_CXX_LIBRARY = "libc++";
				CLANG_ENABLE_MODULES = YES;
				CLANG_ENABLE_OBJC_ARC = YES;
				CLANG_ENABLE_OBJC_WEAK = YES;
				CLANG_WARN_BLOCK_CAPTURE_AUTORELEASING = YES;
				CLANG_WARN_BOOL_CONVERSION = YES;
				CLANG_WARN_COMMA = YES;
				CLANG_WARN_CONSTANT_CONVERSION = YES;
				CLANG_WARN_DEPRECATED_OBJC_IMPLEMENTATIONS = YES;
				CLANG_WARN_DIRECT_OBJC_ISA_USAGE = YES_ERROR;
				CLANG_WARN_DOCUMENTATION_COMMENTS = YES;
				CLANG_WARN_EMPTY_BODY = YES;
				CLANG_WARN_ENUM_CONVERSION = YES;
				CLANG_WARN_INFINITE_RECURSION = YES;
				CLANG_WARN_INT_CONVERSION = YES;
				CLANG_WARN_NON_LITERAL_NULL_CONVERSION = YES;
				CLANG_WARN_OBJC_IMPLICIT_RETAIN_SELF = YES;
				CLANG_WARN_OBJC_LITERAL_CONVERSION = YES;
				CLANG_WARN_OBJC_ROOT_CLASS = YES_ERROR;
				CLANG_WARN_QUOTED_INCLUDE_IN_FRAMEWORK_HEADER = YES;
				CLANG_WARN_RANGE_LOOP_ANALYSIS = YES;
				CLANG_WARN_STRICT_PROTOTYPES = YES;
				CLANG_WARN_SUSPICIOUS_MOVE = YES;
				CLANG_WARN_UNGUARDED_AVAILABILITY = YES_AGGRESSIVE;
				CLANG_WARN_UNREACHABLE_CODE = YES;
				CLANG_WARN__DUPLICATE_METHOD_MATCH = YES;
				COPY_PHASE_STRIP = NO;
				DEBUG_INFORMATION_FORMAT = "dwarf-with-dsym";
				ENABLE_NS_ASSERTIONS = NO;
				ENABLE_STRICT_OBJC_MSGSEND = YES;
				GCC_C_LANGUAGE_STANDARD = gnu11;
				GCC_NO_COMMON_BLOCKS = YES;
				GCC_WARN_64_TO_32_BIT_CONVERSION = YES;
				GCC_WARN_ABOUT_RETURN_TYPE = YES_ERROR;
				GCC_WARN_UNDECLARED_SELECTOR = YES;
				GCC_WARN_UNINITIALIZED_AUTOS = YES_AGGRESSIVE;
				GCC_WARN_UNUSED_FUNCTION = YES;
				GCC_WARN_UNUSED_VARIABLE = YES;
				IPHONEOS_DEPLOYMENT_TARGET = 14.5;
				MTL_ENABLE_DEBUG_INFO = NO;
				MTL_FAST_MATH = YES;
				SDKROOT = iphoneos;
				SWIFT_COMPILATION_MODE = wholemodule;
				SWIFT_OPTIMIZATION_LEVEL = "-O";
				VALIDATE_PRODUCT = YES;
			};
			name = Release;
		};
		5F3C800B267286280073DE73 /* Debug */ = {
			isa = XCBuildConfiguration;
			buildSettings = {
				ASSETCATALOG_COMPILER_APPICON_NAME = AppIcon;
				ASSETCATALOG_COMPILER_GLOBAL_ACCENT_COLOR_NAME = AccentColor;
				CODE_SIGN_STYLE = Automatic;
				DEVELOPMENT_TEAM = 8WDL89Q895;
				INFOPLIST_FILE = Weather/Info.plist;
				LD_RUNPATH_SEARCH_PATHS = (
					"$(inherited)",
					"@executable_path/Frameworks",
				);
				PRODUCT_BUNDLE_IDENTIFIER = Cyberia.Weather;
				PRODUCT_NAME = "$(TARGET_NAME)";
				SWIFT_VERSION = 5.0;
				TARGETED_DEVICE_FAMILY = "1,2";
			};
			name = Debug;
		};
		5F3C800C267286280073DE73 /* Release */ = {
			isa = XCBuildConfiguration;
			buildSettings = {
				ASSETCATALOG_COMPILER_APPICON_NAME = AppIcon;
				ASSETCATALOG_COMPILER_GLOBAL_ACCENT_COLOR_NAME = AccentColor;
				CODE_SIGN_STYLE = Automatic;
				DEVELOPMENT_TEAM = 8WDL89Q895;
				INFOPLIST_FILE = Weather/Info.plist;
				LD_RUNPATH_SEARCH_PATHS = (
					"$(inherited)",
					"@executable_path/Frameworks",
				);
				PRODUCT_BUNDLE_IDENTIFIER = Cyberia.Weather;
				PRODUCT_NAME = "$(TARGET_NAME)";
				SWIFT_VERSION = 5.0;
				TARGETED_DEVICE_FAMILY = "1,2";
			};
			name = Release;
		};
/* End XCBuildConfiguration section */

/* Begin XCConfigurationList section */
		5F3C7FF1267286260073DE73 /* Build configuration list for PBXProject "Weather" */ = {
			isa = XCConfigurationList;
			buildConfigurations = (
				5F3C8008267286280073DE73 /* Debug */,
				5F3C8009267286280073DE73 /* Release */,
			);
			defaultConfigurationIsVisible = 0;
			defaultConfigurationName = Release;
		};
		5F3C800A267286280073DE73 /* Build configuration list for PBXNativeTarget "Weather" */ = {
			isa = XCConfigurationList;
			buildConfigurations = (
				5F3C800B267286280073DE73 /* Debug */,
				5F3C800C267286280073DE73 /* Release */,
			);
			defaultConfigurationIsVisible = 0;
			defaultConfigurationName = Release;
		};
/* End XCConfigurationList section */
	};
	rootObject = 5F3C7FEE267286260073DE73 /* Project object */;
}
